
Microsoft Visual Studio Solution File, Format Version 12.00
# Visual Studio Version 16
VisualStudioVersion = 16.0.33214.272
MinimumVisualStudioVersion = 10.0.40219.1
Project("{FAE04EC0-301F-11D3-BF4B-00C04F79EFBC}") = "Sample", "Sample\Sample.csproj", "{1C27FD45-D9DF-4D06-9F20-1CDE38260F75}"
EndProject
Project("{FAE04EC0-301F-11D3-BF4B-00C04F79EFBC}") = "Valkyrie.Sigryun", "..\Valkirie.Sigryun\Valkyrie.Sigryun.csproj", "{EC431E98-7A99-42E7-A855-A23F3AA6F3CA}"
EndProject
Project("{FAE04EC0-301F-11D3-BF4B-00C04F79EFBC}") = "Valkyrie.ComputationalModels", "..\Valkyrie.ComputationalModels\Valkyrie.ComputationalModels.csproj", "{90510AFF-4034-4545-82B1-EF2868923BD1}"
EndProject
Project("{FAE04EC0-301F-11D3-BF4B-00C04F79EFBC}") = "Valkyrie.MathLibrary", "..\Valkyrie.MathLibrary\Valkyrie.MathLibrary.csproj", "{F60CD99C-8E4E-4EC0-B327-6994A09B93BF}"
EndProject
Project("{FAE04EC0-301F-11D3-BF4B-00C04F79EFBC}") = "Valkyrie.ComputationalTasks", "..\Valkyrie.ComputationalTasks\Valkyrie.ComputationalTasks.csproj", "{82937506-E1D8-4D79-8A75-CBCE3B1D35EC}"
EndProject
Project("{FAE04EC0-301F-11D3-BF4B-00C04F79EFBC}") = "Valkyrie.HierarchicalModel", "..\Valkyrie.HierarchicalModel\Valkyrie.HierarchicalModel.csproj", "{6735B99A-E1BD-47F7-8013-15BF5B3E7DC8}"
EndProject
Global
	GlobalSection(SolutionConfigurationPlatforms) = preSolution
		CudaDebug|Any CPU = CudaDebug|Any CPU
		CudaDebug|Mixed Platforms = CudaDebug|Mixed Platforms
		CudaDebug|x64 = CudaDebug|x64
		CudaDebug|x86 = CudaDebug|x86
		Debug|Any CPU = Debug|Any CPU
		Debug|Mixed Platforms = Debug|Mixed Platforms
		Debug|x64 = Debug|x64
		Debug|x86 = Debug|x86
		Release|Any CPU = Release|Any CPU
		Release|Mixed Platforms = Release|Mixed Platforms
		Release|x64 = Release|x64
		Release|x86 = Release|x86
	EndGlobalSection
	GlobalSection(ProjectConfigurationPlatforms) = postSolution
		{1C27FD45-D9DF-4D06-9F20-1CDE38260F75}.CudaDebug|Any CPU.ActiveCfg = Release|x86
		{1C27FD45-D9DF-4D06-9F20-1CDE38260F75}.CudaDebug|Any CPU.Build.0 = Release|x86
		{1C27FD45-D9DF-4D06-9F20-1CDE38260F75}.CudaDebug|Mixed Platforms.ActiveCfg = Debug|x86
		{1C27FD45-D9DF-4D06-9F20-1CDE38260F75}.CudaDebug|Mixed Platforms.Build.0 = Debug|x86
		{1C27FD45-D9DF-4D06-9F20-1CDE38260F75}.CudaDebug|x64.ActiveCfg = Release|x86
		{1C27FD45-D9DF-4D06-9F20-1CDE38260F75}.CudaDebug|x64.Build.0 = Release|x86
		{1C27FD45-D9DF-4D06-9F20-1CDE38260F75}.CudaDebug|x86.ActiveCfg = Debug|x86
		{1C27FD45-D9DF-4D06-9F20-1CDE38260F75}.CudaDebug|x86.Build.0 = Debug|x86
		{1C27FD45-D9DF-4D06-9F20-1CDE38260F75}.Debug|Any CPU.ActiveCfg = Debug|x86
		{1C27FD45-D9DF-4D06-9F20-1CDE38260F75}.Debug|Mixed Platforms.ActiveCfg = Debug|x86
		{1C27FD45-D9DF-4D06-9F20-1CDE38260F75}.Debug|Mixed Platforms.Build.0 = Debug|x86
		{1C27FD45-D9DF-4D06-9F20-1CDE38260F75}.Debug|x64.ActiveCfg = Debug|x86
		{1C27FD45-D9DF-4D06-9F20-1CDE38260F75}.Debug|x86.ActiveCfg = Debug|x86
		{1C27FD45-D9DF-4D06-9F20-1CDE38260F75}.Debug|x86.Build.0 = Debug|x86
		{1C27FD45-D9DF-4D06-9F20-1CDE38260F75}.Release|Any CPU.ActiveCfg = Release|x86
		{1C27FD45-D9DF-4D06-9F20-1CDE38260F75}.Release|Mixed Platforms.ActiveCfg = Release|x86
		{1C27FD45-D9DF-4D06-9F20-1CDE38260F75}.Release|Mixed Platforms.Build.0 = Release|x86
		{1C27FD45-D9DF-4D06-9F20-1CDE38260F75}.Release|x64.ActiveCfg = Release|x86
		{1C27FD45-D9DF-4D06-9F20-1CDE38260F75}.Release|x86.ActiveCfg = Release|x86
		{1C27FD45-D9DF-4D06-9F20-1CDE38260F75}.Release|x86.Build.0 = Release|x86
		{EC431E98-7A99-42E7-A855-A23F3AA6F3CA}.CudaDebug|Any CPU.ActiveCfg = CudaDebug|Any CPU
		{EC431E98-7A99-42E7-A855-A23F3AA6F3CA}.CudaDebug|Any CPU.Build.0 = CudaDebug|Any CPU
		{EC431E98-7A99-42E7-A855-A23F3AA6F3CA}.CudaDebug|Mixed Platforms.ActiveCfg = CudaDebug|x86
		{EC431E98-7A99-42E7-A855-A23F3AA6F3CA}.CudaDebug|Mixed Platforms.Build.0 = CudaDebug|x86
		{EC431E98-7A99-42E7-A855-A23F3AA6F3CA}.CudaDebug|x64.ActiveCfg = CudaDebug|x64
		{EC431E98-7A99-42E7-A855-A23F3AA6F3CA}.CudaDebug|x64.Build.0 = CudaDebug|x64
		{EC431E98-7A99-42E7-A855-A23F3AA6F3CA}.CudaDebug|x86.ActiveCfg = CudaDebug|x86
		{EC431E98-7A99-42E7-A855-A23F3AA6F3CA}.CudaDebug|x86.Build.0 = CudaDebug|x86
		{EC431E98-7A99-42E7-A855-A23F3AA6F3CA}.Debug|Any CPU.ActiveCfg = Debug|Any CPU
		{EC431E98-7A99-42E7-A855-A23F3AA6F3CA}.Debug|Any CPU.Build.0 = Debug|Any CPU
		{EC431E98-7A99-42E7-A855-A23F3AA6F3CA}.Debug|Mixed Platforms.ActiveCfg = Debug|x86
		{EC431E98-7A99-42E7-A855-A23F3AA6F3CA}.Debug|Mixed Platforms.Build.0 = Debug|x86
		{EC431E98-7A99-42E7-A855-A23F3AA6F3CA}.Debug|x64.ActiveCfg = Debug|x64
		{EC431E98-7A99-42E7-A855-A23F3AA6F3CA}.Debug|x64.Build.0 = Debug|x64
		{EC431E98-7A99-42E7-A855-A23F3AA6F3CA}.Debug|x86.ActiveCfg = Debug|x86
		{EC431E98-7A99-42E7-A855-A23F3AA6F3CA}.Debug|x86.Build.0 = Debug|x86
		{EC431E98-7A99-42E7-A855-A23F3AA6F3CA}.Release|Any CPU.ActiveCfg = Release|Any CPU
		{EC431E98-7A99-42E7-A855-A23F3AA6F3CA}.Release|Any CPU.Build.0 = Release|Any CPU
		{EC431E98-7A99-42E7-A855-A23F3AA6F3CA}.Release|Mixed Platforms.ActiveCfg = Release|x86
		{EC431E98-7A99-42E7-A855-A23F3AA6F3CA}.Release|Mixed Platforms.Build.0 = Release|x86
		{EC431E98-7A99-42E7-A855-A23F3AA6F3CA}.Release|x64.ActiveCfg = Release|x64
		{EC431E98-7A99-42E7-A855-A23F3AA6F3CA}.Release|x64.Build.0 = Release|x64
		{EC431E98-7A99-42E7-A855-A23F3AA6F3CA}.Release|x86.ActiveCfg = Release|x86
		{EC431E98-7A99-42E7-A855-A23F3AA6F3CA}.Release|x86.Build.0 = Release|x86
		{90510AFF-4034-4545-82B1-EF2868923BD1}.CudaDebug|Any CPU.ActiveCfg = Debug|Any CPU
		{90510AFF-4034-4545-82B1-EF2868923BD1}.CudaDebug|Any CPU.Build.0 = Debug|Any CPU
		{90510AFF-4034-4545-82B1-EF2868923BD1}.CudaDebug|Mixed Platforms.ActiveCfg = Debug|x86
		{90510AFF-4034-4545-82B1-EF2868923BD1}.CudaDebug|Mixed Platforms.Build.0 = Debug|x86
		{90510AFF-4034-4545-82B1-EF2868923BD1}.CudaDebug|x64.ActiveCfg = Debug|Any CPU
		{90510AFF-4034-4545-82B1-EF2868923BD1}.CudaDebug|x64.Build.0 = Debug|Any CPU
		{90510AFF-4034-4545-82B1-EF2868923BD1}.CudaDebug|x86.ActiveCfg = Debug|x86
		{90510AFF-4034-4545-82B1-EF2868923BD1}.CudaDebug|x86.Build.0 = Debug|x86
		{90510AFF-4034-4545-82B1-EF2868923BD1}.Debug|Any CPU.ActiveCfg = Debug|Any CPU
		{90510AFF-4034-4545-82B1-EF2868923BD1}.Debug|Any CPU.Build.0 = Debug|Any CPU
		{90510AFF-4034-4545-82B1-EF2868923BD1}.Debug|Mixed Platforms.ActiveCfg = Debug|x86
		{90510AFF-4034-4545-82B1-EF2868923BD1}.Debug|Mixed Platforms.Build.0 = Debug|x86
		{90510AFF-4034-4545-82B1-EF2868923BD1}.Debug|x64.ActiveCfg = Debug|Any CPU
		{90510AFF-4034-4545-82B1-EF2868923BD1}.Debug|x64.Build.0 = Debug|Any CPU
		{90510AFF-4034-4545-82B1-EF2868923BD1}.Debug|x86.ActiveCfg = Debug|x86
		{90510AFF-4034-4545-82B1-EF2868923BD1}.Debug|x86.Build.0 = Debug|x86
		{90510AFF-4034-4545-82B1-EF2868923BD1}.Release|Any CPU.ActiveCfg = Release|Any CPU
		{90510AFF-4034-4545-82B1-EF2868923BD1}.Release|Any CPU.Build.0 = Release|Any CPU
		{90510AFF-4034-4545-82B1-EF2868923BD1}.Release|Mixed Platforms.ActiveCfg = Release|x86
		{90510AFF-4034-4545-82B1-EF2868923BD1}.Release|Mixed Platforms.Build.0 = Release|x86
		{90510AFF-4034-4545-82B1-EF2868923BD1}.Release|x64.ActiveCfg = Release|Any CPU
		{90510AFF-4034-4545-82B1-EF2868923BD1}.Release|x64.Build.0 = Release|Any CPU
		{90510AFF-4034-4545-82B1-EF2868923BD1}.Release|x86.ActiveCfg = Release|x86
		{90510AFF-4034-4545-82B1-EF2868923BD1}.Release|x86.Build.0 = Release|x86
		{F60CD99C-8E4E-4EC0-B327-6994A09B93BF}.CudaDebug|Any CPU.ActiveCfg = CudaDebug|Any CPU
		{F60CD99C-8E4E-4EC0-B327-6994A09B93BF}.CudaDebug|Any CPU.Build.0 = CudaDebug|Any CPU
		{F60CD99C-8E4E-4EC0-B327-6994A09B93BF}.CudaDebug|Mixed Platforms.ActiveCfg = CudaDebug|x86
		{F60CD99C-8E4E-4EC0-B327-6994A09B93BF}.CudaDebug|Mixed Platforms.Build.0 = CudaDebug|x86
		{F60CD99C-8E4E-4EC0-B327-6994A09B93BF}.CudaDebug|x64.ActiveCfg = CudaDebug|x64
		{F60CD99C-8E4E-4EC0-B327-6994A09B93BF}.CudaDebug|x64.Build.0 = CudaDebug|x64
		{F60CD99C-8E4E-4EC0-B327-6994A09B93BF}.CudaDebug|x86.ActiveCfg = CudaDebug|x86
		{F60CD99C-8E4E-4EC0-B327-6994A09B93BF}.CudaDebug|x86.Build.0 = CudaDebug|x86
		{F60CD99C-8E4E-4EC0-B327-6994A09B93BF}.Debug|Any CPU.ActiveCfg = Debug|Any CPU
		{F60CD99C-8E4E-4EC0-B327-6994A09B93BF}.Debug|Any CPU.Build.0 = Debug|Any CPU
		{F60CD99C-8E4E-4EC0-B327-6994A09B93BF}.Debug|Mixed Platforms.ActiveCfg = Debug|x86
		{F60CD99C-8E4E-4EC0-B327-6994A09B93BF}.Debug|Mixed Platforms.Build.0 = Debug|x86
		{F60CD99C-8E4E-4EC0-B327-6994A09B93BF}.Debug|x64.ActiveCfg = Debug|x64
		{F60CD99C-8E4E-4EC0-B327-6994A09B93BF}.Debug|x64.Build.0 = Debug|x64
		{F60CD99C-8E4E-4EC0-B327-6994A09B93BF}.Debug|x86.ActiveCfg = Debug|x86
		{F60CD99C-8E4E-4EC0-B327-6994A09B93BF}.Debug|x86.Build.0 = Debug|x86
		{F60CD99C-8E4E-4EC0-B327-6994A09B93BF}.Release|Any CPU.ActiveCfg = Release|Any CPU
		{F60CD99C-8E4E-4EC0-B327-6994A09B93BF}.Release|Any CPU.Build.0 = Release|Any CPU
		{F60CD99C-8E4E-4EC0-B327-6994A09B93BF}.Release|Mixed Platforms.ActiveCfg = Release|x86
		{F60CD99C-8E4E-4EC0-B327-6994A09B93BF}.Release|Mixed Platforms.Build.0 = Release|x86
		{F60CD99C-8E4E-4EC0-B327-6994A09B93BF}.Release|x64.ActiveCfg = Release|x64
		{F60CD99C-8E4E-4EC0-B327-6994A09B93BF}.Release|x64.Build.0 = Release|x64
		{F60CD99C-8E4E-4EC0-B327-6994A09B93BF}.Release|x86.ActiveCfg = Release|x86
		{F60CD99C-8E4E-4EC0-B327-6994A09B93BF}.Release|x86.Build.0 = Release|x86
		{82937506-E1D8-4D79-8A75-CBCE3B1D35EC}.CudaDebug|Any CPU.ActiveCfg = Debug|Any CPU
		{82937506-E1D8-4D79-8A75-CBCE3B1D35EC}.CudaDebug|Any CPU.Build.0 = Debug|Any CPU
		{82937506-E1D8-4D79-8A75-CBCE3B1D35EC}.CudaDebug|Mixed Platforms.ActiveCfg = Debug|x86
		{82937506-E1D8-4D79-8A75-CBCE3B1D35EC}.CudaDebug|Mixed Platforms.Build.0 = Debug|x86
		{82937506-E1D8-4D79-8A75-CBCE3B1D35EC}.CudaDebug|x64.ActiveCfg = Debug|Any CPU
		{82937506-E1D8-4D79-8A75-CBCE3B1D35EC}.CudaDebug|x64.Build.0 = Debug|Any CPU
		{82937506-E1D8-4D79-8A75-CBCE3B1D35EC}.CudaDebug|x86.ActiveCfg = Debug|x86
		{82937506-E1D8-4D79-8A75-CBCE3B1D35EC}.CudaDebug|x86.Build.0 = Debug|x86
		{82937506-E1D8-4D79-8A75-CBCE3B1D35EC}.Debug|Any CPU.ActiveCfg = Debug|Any CPU
		{82937506-E1D8-4D79-8A75-CBCE3B1D35EC}.Debug|Any CPU.Build.0 = Debug|Any CPU
		{82937506-E1D8-4D79-8A75-CBCE3B1D35EC}.Debug|Mixed Platforms.ActiveCfg = Debug|x86
		{82937506-E1D8-4D79-8A75-CBCE3B1D35EC}.Debug|Mixed Platforms.Build.0 = Debug|x86
		{82937506-E1D8-4D79-8A75-CBCE3B1D35EC}.Debug|x64.ActiveCfg = Debug|Any CPU
		{82937506-E1D8-4D79-8A75-CBCE3B1D35EC}.Debug|x64.Build.0 = Debug|Any CPU
		{82937506-E1D8-4D79-8A75-CBCE3B1D35EC}.Debug|x86.ActiveCfg = Debug|x86
		{82937506-E1D8-4D79-8A75-CBCE3B1D35EC}.Debug|x86.Build.0 = Debug|x86
		{82937506-E1D8-4D79-8A75-CBCE3B1D35EC}.Release|Any CPU.ActiveCfg = Release|Any CPU
		{82937506-E1D8-4D79-8A75-CBCE3B1D35EC}.Release|Any CPU.Build.0 = Release|Any CPU
		{82937506-E1D8-4D79-8A75-CBCE3B1D35EC}.Release|Mixed Platforms.ActiveCfg = Release|x86
		{82937506-E1D8-4D79-8A75-CBCE3B1D35EC}.Release|Mixed Platforms.Build.0 = Release|x86
		{82937506-E1D8-4D79-8A75-CBCE3B1D35EC}.Release|x64.ActiveCfg = Release|Any CPU
		{82937506-E1D8-4D79-8A75-CBCE3B1D35EC}.Release|x64.Build.0 = Release|Any CPU
		{82937506-E1D8-4D79-8A75-CBCE3B1D35EC}.Release|x86.ActiveCfg = Release|x86
		{82937506-E1D8-4D79-8A75-CBCE3B1D35EC}.Release|x86.Build.0 = Release|x86
		{6735B99A-E1BD-47F7-8013-15BF5B3E7DC8}.CudaDebug|Any CPU.ActiveCfg = Debug|Any CPU
		{6735B99A-E1BD-47F7-8013-15BF5B3E7DC8}.CudaDebug|Any CPU.Build.0 = Debug|Any CPU
		{6735B99A-E1BD-47F7-8013-15BF5B3E7DC8}.CudaDebug|Mixed Platforms.ActiveCfg = Debug|x86
		{6735B99A-E1BD-47F7-8013-15BF5B3E7DC8}.CudaDebug|Mixed Platforms.Build.0 = Debug|x86
		{6735B99A-E1BD-47F7-8013-15BF5B3E7DC8}.CudaDebug|x64.ActiveCfg = Debug|x64
		{6735B99A-E1BD-47F7-8013-15BF5B3E7DC8}.CudaDebug|x64.Build.0 = Debug|x64
		{6735B99A-E1BD-47F7-8013-15BF5B3E7DC8}.CudaDebug|x86.ActiveCfg = Debug|x86
		{6735B99A-E1BD-47F7-8013-15BF5B3E7DC8}.CudaDebug|x86.Build.0 = Debug|x86
		{6735B99A-E1BD-47F7-8013-15BF5B3E7DC8}.Debug|Any CPU.ActiveCfg = Debug|Any CPU
		{6735B99A-E1BD-47F7-8013-15BF5B3E7DC8}.Debug|Any CPU.Build.0 = Debug|Any CPU
		{6735B99A-E1BD-47F7-8013-15BF5B3E7DC8}.Debug|Mixed Platforms.ActiveCfg = Debug|x86
		{6735B99A-E1BD-47F7-8013-15BF5B3E7DC8}.Debug|Mixed Platforms.Build.0 = Debug|x86
		{6735B99A-E1BD-47F7-8013-15BF5B3E7DC8}.Debug|x64.ActiveCfg = Debug|x64
		{6735B99A-E1BD-47F7-8013-15BF5B3E7DC8}.Debug|x64.Build.0 = Debug|x64
		{6735B99A-E1BD-47F7-8013-15BF5B3E7DC8}.Debug|x86.ActiveCfg = Debug|x86
		{6735B99A-E1BD-47F7-8013-15BF5B3E7DC8}.Debug|x86.Build.0 = Debug|x86
		{6735B99A-E1BD-47F7-8013-15BF5B3E7DC8}.Release|Any CPU.ActiveCfg = Release|Any CPU
		{6735B99A-E1BD-47F7-8013-15BF5B3E7DC8}.Release|Any CPU.Build.0 = Release|Any CPU
		{6735B99A-E1BD-47F7-8013-15BF5B3E7DC8}.Release|Mixed Platforms.ActiveCfg = Release|x86
		{6735B99A-E1BD-47F7-8013-15BF5B3E7DC8}.Release|Mixed Platforms.Build.0 = Release|x86
		{6735B99A-E1BD-47F7-8013-15BF5B3E7DC8}.Release|x64.ActiveCfg = Release|x64
		{6735B99A-E1BD-47F7-8013-15BF5B3E7DC8}.Release|x64.Build.0 = Release|x64
		{6735B99A-E1BD-47F7-8013-15BF5B3E7DC8}.Release|x86.ActiveCfg = Release|x86
		{6735B99A-E1BD-47F7-8013-15BF5B3E7DC8}.Release|x86.Build.0 = Release|x86
	EndGlobalSection
	GlobalSection(SolutionProperties) = preSolution
		HideSolutionNode = FALSE
	EndGlobalSection
	GlobalSection(ExtensibilityGlobals) = postSolution
		SolutionGuid = {245C33EC-0D21-4FA3-ADFA-A5187E08A732}
	EndGlobalSection
EndGlobal
